
Microsoft Visual Studio Solution File, Format Version 12.00
# Visual Studio Version 17
VisualStudioVersion = 17.2.32526.322
MinimumVisualStudioVersion = 10.0.40219.1
Project("{FAE04EC0-301F-11D3-BF4B-00C04F79EFBC}") = "FoodManagement", "FoodManagement\FoodManagement.csproj", "{7CDE38DA-4E85-43B2-8C90-D3FE9EA5F1CC}"
EndProject
Global
	GlobalSection(SolutionConfigurationPlatforms) = preSolution
		Debug|Any CPU = Debug|Any CPU
		Release|Any CPU = Release|Any CPU
	EndGlobalSection
	GlobalSection(ProjectConfigurationPlatforms) = postSolution
		{7CDE38DA-4E85-43B2-8C90-D3FE9EA5F1CC}.Debug|Any CPU.ActiveCfg = Debug|Any CPU
		{7CDE38DA-4E85-43B2-8C90-D3FE9EA5F1CC}.Debug|Any CPU.Build.0 = Debug|Any CPU
		{7CDE38DA-4E85-43B2-8C90-D3FE9EA5F1CC}.Release|Any CPU.ActiveCfg = Release|Any CPU
		{7CDE38DA-4E85-43B2-8C90-D3FE9EA5F1CC}.Release|Any CPU.Build.0 = Release|Any CPU
	EndGlobalSection
	GlobalSection(SolutionProperties) = preSolution
		HideSolutionNode = FALSE
	EndGlobalSection
	GlobalSection(ExtensibilityGlobals) = postSolution
		SolutionGuid = {6C12FCE4-57AE-4E09-B6FE-8E5CCF5CBD91}
	EndGlobalSection
EndGlobal
